
Microsoft Visual Studio Solution File, Format Version 11.00
# Visual Studio 2010
Project("{8BC9CEB8-8B4A-11D0-8D11-00A0C91BC942}") = "内部排序算法的实现与比较", "内部排序算法的实现与比较\内部排序算法的实现与比较.vcxproj", "{D2BF8925-C778-430E-ACB3-36F866AD33EF}"
EndProject
Global
	GlobalSection(SolutionConfigurationPlatforms) = preSolution
		Debug|Win32 = Debug|Win32
		Release|Win32 = Release|Win32
	EndGlobalSection
	GlobalSection(ProjectConfigurationPlatforms) = postSolution
		{D2BF8925-C778-430E-ACB3-36F866AD33EF}.Debug|Win32.ActiveCfg = Debug|Win32
		{D2BF8925-C778-430E-ACB3-36F866AD33EF}.Debug|Win32.Build.0 = Debug|Win32
		{D2BF8925-C778-430E-ACB3-36F866AD33EF}.Release|Win32.ActiveCfg = Release|Win32
		{D2BF8925-C778-430E-ACB3-36F866AD33EF}.Release|Win32.Build.0 = Release|Win32
	EndGlobalSection
	GlobalSection(SolutionProperties) = preSolution
		HideSolutionNode = FALSE
	EndGlobalSection
EndGlobal
